
Microsoft Visual Studio Solution File, Format Version 12.00
# Visual Studio 15
VisualStudioVersion = 15.0.28010.2026
MinimumVisualStudioVersion = 10.0.40219.1
Project("{FAE04EC0-301F-11D3-BF4B-00C04F79EFBC}") = "HydroPi", "HydroPi\HydroPi.csproj", "{431D6B6A-A70E-4031-8F24-3D6FD217D782}"
EndProject
Global
	GlobalSection(SolutionConfigurationPlatforms) = preSolution
		Debug|ARM = Debug|ARM
		Debug|x64 = Debug|x64
		Debug|x86 = Debug|x86
		Release|ARM = Release|ARM
		Release|x64 = Release|x64
		Release|x86 = Release|x86
	EndGlobalSection
	GlobalSection(ProjectConfigurationPlatforms) = postSolution
		{431D6B6A-A70E-4031-8F24-3D6FD217D782}.Debug|ARM.ActiveCfg = Debug|ARM
		{431D6B6A-A70E-4031-8F24-3D6FD217D782}.Debug|ARM.Build.0 = Debug|ARM
		{431D6B6A-A70E-4031-8F24-3D6FD217D782}.Debug|ARM.Deploy.0 = Debug|ARM
		{431D6B6A-A70E-4031-8F24-3D6FD217D782}.Debug|x64.ActiveCfg = Debug|x64
		{431D6B6A-A70E-4031-8F24-3D6FD217D782}.Debug|x64.Build.0 = Debug|x64
		{431D6B6A-A70E-4031-8F24-3D6FD217D782}.Debug|x64.Deploy.0 = Debug|x64
		{431D6B6A-A70E-4031-8F24-3D6FD217D782}.Debug|x86.ActiveCfg = Debug|x86
		{431D6B6A-A70E-4031-8F24-3D6FD217D782}.Debug|x86.Build.0 = Debug|x86
		{431D6B6A-A70E-4031-8F24-3D6FD217D782}.Debug|x86.Deploy.0 = Debug|x86
		{431D6B6A-A70E-4031-8F24-3D6FD217D782}.Release|ARM.ActiveCfg = Release|ARM
		{431D6B6A-A70E-4031-8F24-3D6FD217D782}.Release|ARM.Build.0 = Release|ARM
		{431D6B6A-A70E-4031-8F24-3D6FD217D782}.Release|ARM.Deploy.0 = Release|ARM
		{431D6B6A-A70E-4031-8F24-3D6FD217D782}.Release|x64.ActiveCfg = Release|x64
		{431D6B6A-A70E-4031-8F24-3D6FD217D782}.Release|x64.Build.0 = Release|x64
		{431D6B6A-A70E-4031-8F24-3D6FD217D782}.Release|x64.Deploy.0 = Release|x64
		{431D6B6A-A70E-4031-8F24-3D6FD217D782}.Release|x86.ActiveCfg = Release|x86
		{431D6B6A-A70E-4031-8F24-3D6FD217D782}.Release|x86.Build.0 = Release|x86
		{431D6B6A-A70E-4031-8F24-3D6FD217D782}.Release|x86.Deploy.0 = Release|x86
	EndGlobalSection
	GlobalSection(SolutionProperties) = preSolution
		HideSolutionNode = FALSE
	EndGlobalSection
	GlobalSection(ExtensibilityGlobals) = postSolution
		SolutionGuid = {435C3CFC-4463-4339-BEFF-08DC0212EB66}
	EndGlobalSection
EndGlobal
